// !$*UTF8*$!
{
	archiveVersion = 1;
	classes = {
	};
	objectVersion = 77;
	objects = {

/* Begin PBXBuildFile section */
		0F41DF8A255CAB7496EEED20 /* WatchTTS.swift in Sources */ = {isa = PBXBuildFile; fileRef = 67DE9F6102290192A69EA33F /* WatchTTS.swift */; };
		287EB175AC807A70ED2E2AB1 /* ButtonCoverageTests.swift in Sources */ = {isa = PBXBuildFile; fileRef = B596E9E9B51A0D4D3C329C9F /* ButtonCoverageTests.swift */; };
		298E5CAC051C4E6C40B9309A /* WatchVocabSync.swift in Sources */ = {isa = PBXBuildFile; fileRef = DB1FF5018CD7D6ED0E48C17D /* WatchVocabSync.swift */; };
		2CD68B3ABCB8C23FF1104EC7 /* PrismAACApp.swift in Sources */ = {isa = PBXBuildFile; fileRef = F7796EAE5DE2A7F6D7FA10EF /* PrismAACApp.swift */; };
		4845E40319EC76BF7B3D85D9 /* PrismAACUITests.swift in Sources */ = {isa = PBXBuildFile; fileRef = 71FB141A766BB9A02A9190E9 /* PrismAACUITests.swift */; };
		79A08C2E36B3B5E9C19C91EF /* WatchEmergencyManager.swift in Sources */ = {isa = PBXBuildFile; fileRef = 1199B7CF2AC0B1D044269451 /* WatchEmergencyManager.swift */; };
		8ACCA7F12A410E5951CB832F /* SafetyFilter.swift in Sources */ = {isa = PBXBuildFile; fileRef = 824CFF80AABA2799959262E4 /* SafetyFilter.swift */; };
		96494A55BCE4B701CC283F79 /* WatchApp.swift in Sources */ = {isa = PBXBuildFile; fileRef = AA7D87755CBCE7686166B1A4 /* WatchApp.swift */; };
		A1B2C3D4E5F6A1B2C3D40002 /* Assets.xcassets in Resources */ = {isa = PBXBuildFile; fileRef = A1B2C3D4E5F6A1B2C3D40001 /* Assets.xcassets */; };
		A2378644AD87D49B61BC9290 /* AACPipeline.swift in Sources */ = {isa = PBXBuildFile; fileRef = 73CB5D18068E5D45A1B75DE8 /* AACPipeline.swift */; };
		A5C28FF4113B9AFFB775B7E7 /* WatchAISession.swift in Sources */ = {isa = PBXBuildFile; fileRef = 1BAD607AA400B994C75354DD /* WatchAISession.swift */; };
		A761744803E81B1102D1B58A /* ContentView.swift in Sources */ = {isa = PBXBuildFile; fileRef = 336C616FA71B6C3F3227FC90 /* ContentView.swift */; };
		A9A7C3336D26BD9F125CFF29 /* WatchPictogramCards.swift in Sources */ = {isa = PBXBuildFile; fileRef = A4F932363A3D82535E9971EE /* WatchPictogramCards.swift */; };
		AFA1E81830CA008E80B17F8E /* LLMEngine.swift in Sources */ = {isa = PBXBuildFile; fileRef = 514A2FD3A0BC693D56606896 /* LLMEngine.swift */; };
		B3A1F20C7D4E9F3200CC1234 /* WatchTranslation.swift in Sources */ = {isa = PBXBuildFile; fileRef = C4D8E30FA1B29F4700AA5678 /* WatchTranslation.swift */; };
		D7E8F10A3B5C9D2100FF4321 /* WatchInbox.swift in Sources */ = {isa = PBXBuildFile; fileRef = E1A3C40B2D6F8E1200BB9876 /* WatchInbox.swift */; };
		EF9EBF1590D95DA7BA2B75C2 /* AppState.swift in Sources */ = {isa = PBXBuildFile; fileRef = 62DB2AB8796CA83596887AD3 /* AppState.swift */; };
		FFAA010000000000000000A2 /* WCSessionRouter.swift in Sources */ = {isa = PBXBuildFile; fileRef = FFAA010000000000000000A1 /* WCSessionRouter.swift */; };
		FFAA010000000000000000B2 /* KeychainHelper.swift in Sources */ = {isa = PBXBuildFile; fileRef = FFAA010000000000000000B1 /* KeychainHelper.swift */; };
		FFAA010000000000000000D1 /* PrismAACWatch.app in Embed Watch Content */ = {isa = PBXBuildFile; fileRef = 8AFCC84EE5CC6C37C440A667 /* PrismAACWatch.app */; settings = {ATTRIBUTES = (RemoveHeadersOnCopy, ); }; };
		FFAA010000000000000000E2 /* Assets.xcassets in Resources */ = {isa = PBXBuildFile; fileRef = FFAA010000000000000000E1 /* Assets.xcassets */; };
/* End PBXBuildFile section */

/* Begin PBXContainerItemProxy section */
		79F1897122443ED3CA3471A6 /* PBXContainerItemProxy */ = {
			isa = PBXContainerItemProxy;
			containerPortal = 94B38DF5C167816F45B98216 /* Project object */;
			proxyType = 1;
			remoteGlobalIDString = 37F3B4323FACF28FDB1C7BA2;
			remoteInfo = PrismAAC;
		};
		AF07E979DBF40B20A54E66B5 /* PBXContainerItemProxy */ = {
			isa = PBXContainerItemProxy;
			containerPortal = 94B38DF5C167816F45B98216 /* Project object */;
			proxyType = 1;
			remoteGlobalIDString = 37F3B4323FACF28FDB1C7BA2;
			remoteInfo = PrismAAC;
		};
		FFAA010000000000000000D2 /* PBXContainerItemProxy */ = {
			isa = PBXContainerItemProxy;
			containerPortal = 94B38DF5C167816F45B98216 /* Project object */;
			proxyType = 1;
			remoteGlobalIDString = C059824D983FDADEE5E3C89D;
			remoteInfo = PrismAACWatch;
		};
/* End PBXContainerItemProxy section */

/* Begin PBXCopyFilesBuildPhase section */
		FFAA010000000000000000D4 /* Embed Watch Content */ = {
			isa = PBXCopyFilesBuildPhase;
			buildActionMask = 2147483647;
			dstPath = "$(CONTENTS_FOLDER_PATH)/Watch";
			dstSubfolderSpec = 16;
			files = (
				FFAA010000000000000000D1 /* PrismAACWatch.app in Embed Watch Content */,
			);
			name = "Embed Watch Content";
			runOnlyForDeploymentPostprocessing = 0;
		};
/* End PBXCopyFilesBuildPhase section */

/* Begin PBXFileReference section */
		1199B7CF2AC0B1D044269451 /* WatchEmergencyManager.swift */ = {isa = PBXFileReference; lastKnownFileType = sourcecode.swift; path = WatchEmergencyManager.swift; sourceTree = "<group>"; };
		1BAD607AA400B994C75354DD /* WatchAISession.swift */ = {isa = PBXFileReference; lastKnownFileType = sourcecode.swift; path = WatchAISession.swift; sourceTree = "<group>"; };
		2F2BF66AD5CF855617DA7158 /* PrismAACTests.xctest */ = {isa = PBXFileReference; explicitFileType = wrapper.cfbundle; includeInIndex = 0; path = PrismAACTests.xctest; sourceTree = BUILT_PRODUCTS_DIR; };
		336C616FA71B6C3F3227FC90 /* ContentView.swift */ = {isa = PBXFileReference; lastKnownFileType = sourcecode.swift; path = ContentView.swift; sourceTree = "<group>"; };
		3C1E662AEED98B7777920115 /* PrismAAC.app */ = {isa = PBXFileReference; explicitFileType = wrapper.application; includeInIndex = 0; path = PrismAAC.app; sourceTree = BUILT_PRODUCTS_DIR; };
		514A2FD3A0BC693D56606896 /* LLMEngine.swift */ = {isa = PBXFileReference; lastKnownFileType = sourcecode.swift; path = LLMEngine.swift; sourceTree = "<group>"; };
		62DB2AB8796CA83596887AD3 /* AppState.swift */ = {isa = PBXFileReference; lastKnownFileType = sourcecode.swift; path = AppState.swift; sourceTree = "<group>"; };
		67DE9F6102290192A69EA33F /* WatchTTS.swift */ = {isa = PBXFileReference; lastKnownFileType = sourcecode.swift; path = WatchTTS.swift; sourceTree = "<group>"; };
		71FB141A766BB9A02A9190E9 /* PrismAACUITests.swift */ = {isa = PBXFileReference; lastKnownFileType = sourcecode.swift; path = PrismAACUITests.swift; sourceTree = "<group>"; };
		73CB5D18068E5D45A1B75DE8 /* AACPipeline.swift */ = {isa = PBXFileReference; lastKnownFileType = sourcecode.swift; path = AACPipeline.swift; sourceTree = "<group>"; };
		81D846C54EB27AB2E3FA633B /* PrismAACUITests.xctest */ = {isa = PBXFileReference; explicitFileType = wrapper.cfbundle; includeInIndex = 0; path = PrismAACUITests.xctest; sourceTree = BUILT_PRODUCTS_DIR; };
		824CFF80AABA2799959262E4 /* SafetyFilter.swift */ = {isa = PBXFileReference; lastKnownFileType = sourcecode.swift; path = SafetyFilter.swift; sourceTree = "<group>"; };
		84AA94D52FB3A6830050C9EB /* Contents.json */ = {isa = PBXFileReference; lastKnownFileType = text.json; path = Contents.json; sourceTree = "<group>"; };
		84AA94D62FB3A6830050C9EB /* icon-20.png */ = {isa = PBXFileReference; lastKnownFileType = image.png; path = "icon-20.png"; sourceTree = "<group>"; };
		84AA94D72FB3A6830050C9EB /* icon-29.png */ = {isa = PBXFileReference; lastKnownFileType = image.png; path = "icon-29.png"; sourceTree = "<group>"; };
		84AA94D82FB3A6830050C9EB /* icon-40.png */ = {isa = PBXFileReference; lastKnownFileType = image.png; path = "icon-40.png"; sourceTree = "<group>"; };
		84AA94D92FB3A6830050C9EB /* icon-58.png */ = {isa = PBXFileReference; lastKnownFileType = image.png; path = "icon-58.png"; sourceTree = "<group>"; };
		84AA94DA2FB3A6830050C9EB /* icon-60.png */ = {isa = PBXFileReference; lastKnownFileType = image.png; path = "icon-60.png"; sourceTree = "<group>"; };
		84AA94DB2FB3A6830050C9EB /* icon-76.png */ = {isa = PBXFileReference; lastKnownFileType = image.png; path = "icon-76.png"; sourceTree = "<group>"; };
		84AA94DC2FB3A6830050C9EB /* icon-80.png */ = {isa = PBXFileReference; lastKnownFileType = image.png; path = "icon-80.png"; sourceTree = "<group>"; };
		84AA94DD2FB3A6830050C9EB /* icon-87.png */ = {isa = PBXFileReference; lastKnownFileType = image.png; path = "icon-87.png"; sourceTree = "<group>"; };
		84AA94DE2FB3A6830050C9EB /* icon-120.png */ = {isa = PBXFileReference; lastKnownFileType = image.png; path = "icon-120.png"; sourceTree = "<group>"; };
		84AA94DF2FB3A6830050C9EB /* icon-152.png */ = {isa = PBXFileReference; lastKnownFileType = image.png; path = "icon-152.png"; sourceTree = "<group>"; };
		84AA94E02FB3A6830050C9EB /* icon-167.png */ = {isa = PBXFileReference; lastKnownFileType = image.png; path = "icon-167.png"; sourceTree = "<group>"; };
		84AA94E12FB3A6830050C9EB /* icon-180.png */ = {isa = PBXFileReference; lastKnownFileType = image.png; path = "icon-180.png"; sourceTree = "<group>"; };
		84AA94E22FB3A6830050C9EB /* icon-512.png */ = {isa = PBXFileReference; lastKnownFileType = image.png; path = "icon-512.png"; sourceTree = "<group>"; };
		84AA94E32FB3A6830050C9EB /* icon-1024.png */ = {isa = PBXFileReference; lastKnownFileType = image.png; path = "icon-1024.png"; sourceTree = "<group>"; };
		8AFCC84EE5CC6C37C440A667 /* PrismAACWatch.app */ = {isa = PBXFileReference; explicitFileType = wrapper.application; includeInIndex = 0; path = PrismAACWatch.app; sourceTree = BUILT_PRODUCTS_DIR; };
		A1B2C3D4E5F6A1B2C3D40001 /* Assets.xcassets */ = {isa = PBXFileReference; lastKnownFileType = folder.assetcatalog; path = Assets.xcassets; sourceTree = "<group>"; };
		A4F932363A3D82535E9971EE /* WatchPictogramCards.swift */ = {isa = PBXFileReference; lastKnownFileType = sourcecode.swift; path = WatchPictogramCards.swift; sourceTree = "<group>"; };
		AA7D87755CBCE7686166B1A4 /* WatchApp.swift */ = {isa = PBXFileReference; lastKnownFileType = sourcecode.swift; path = WatchApp.swift; sourceTree = "<group>"; };
		B596E9E9B51A0D4D3C329C9F /* ButtonCoverageTests.swift */ = {isa = PBXFileReference; lastKnownFileType = sourcecode.swift; path = ButtonCoverageTests.swift; sourceTree = "<group>"; };
		C4D8E30FA1B29F4700AA5678 /* WatchTranslation.swift */ = {isa = PBXFileReference; lastKnownFileType = sourcecode.swift; path = WatchTranslation.swift; sourceTree = "<group>"; };
		DB1FF5018CD7D6ED0E48C17D /* WatchVocabSync.swift */ = {isa = PBXFileReference; lastKnownFileType = sourcecode.swift; path = WatchVocabSync.swift; sourceTree = "<group>"; };
		E1A3C40B2D6F8E1200BB9876 /* WatchInbox.swift */ = {isa = PBXFileReference; lastKnownFileType = sourcecode.swift; path = WatchInbox.swift; sourceTree = "<group>"; };
		F7796EAE5DE2A7F6D7FA10EF /* PrismAACApp.swift */ = {isa = PBXFileReference; lastKnownFileType = sourcecode.swift; path = PrismAACApp.swift; sourceTree = "<group>"; };
		FFAA010000000000000000A1 /* WCSessionRouter.swift */ = {isa = PBXFileReference; lastKnownFileType = sourcecode.swift; path = WCSessionRouter.swift; sourceTree = "<group>"; };
		FFAA010000000000000000B1 /* KeychainHelper.swift */ = {isa = PBXFileReference; lastKnownFileType = sourcecode.swift; path = KeychainHelper.swift; sourceTree = "<group>"; };
		FFAA010000000000000000E1 /* Assets.xcassets */ = {isa = PBXFileReference; lastKnownFileType = folder.assetcatalog; path = Assets.xcassets; sourceTree = "<group>"; };
/* End PBXFileReference section */

/* Begin PBXGroup section */
		21B589C99A1546866494C0DE /* Tests */ = {
			isa = PBXGroup;
			children = (
			);
			path = Tests;
			sourceTree = "<group>";
		};
		25B2932001EBE7028330646D /* PrismAACUITests */ = {
			isa = PBXGroup;
			children = (
				B596E9E9B51A0D4D3C329C9F /* ButtonCoverageTests.swift */,
				71FB141A766BB9A02A9190E9 /* PrismAACUITests.swift */,
			);
			path = PrismAACUITests;
			sourceTree = "<group>";
		};
		27E260A2E20EED5FD7D47A08 /* App */ = {
			isa = PBXGroup;
			children = (
				62DB2AB8796CA83596887AD3 /* AppState.swift */,
				F7796EAE5DE2A7F6D7FA10EF /* PrismAACApp.swift */,
			);
			path = App;
			sourceTree = "<group>";
		};
		3810A000D727421B7A8621B9 /* Products */ = {
			isa = PBXGroup;
			children = (
				3C1E662AEED98B7777920115 /* PrismAAC.app */,
				2F2BF66AD5CF855617DA7158 /* PrismAACTests.xctest */,
				81D846C54EB27AB2E3FA633B /* PrismAACUITests.xctest */,
				8AFCC84EE5CC6C37C440A667 /* PrismAACWatch.app */,
			);
			name = Products;
			sourceTree = "<group>";
		};
		50079412AC90BAE269F6364D /* PrismAAC */ = {
			isa = PBXGroup;
			children = (
				BF84A2F43F9820AD6D6409EE /* Sources */,
				21B589C99A1546866494C0DE /* Tests */,
				A1B2C3D4E5F6A1B2C3D40001 /* Assets.xcassets */,
			);
			path = PrismAAC;
			sourceTree = "<group>";
		};
		51965D32F560CA8C415B64C0 /* Views */ = {
			isa = PBXGroup;
			children = (
				A4F932363A3D82535E9971EE /* WatchPictogramCards.swift */,
			);
			path = Views;
			sourceTree = "<group>";
		};
		59A0D9C574D82B5EA3441709 /* App */ = {
			isa = PBXGroup;
			children = (
				AA7D87755CBCE7686166B1A4 /* WatchApp.swift */,
				67DE9F6102290192A69EA33F /* WatchTTS.swift */,
				FFAA010000000000000000A1 /* WCSessionRouter.swift */,
			);
			path = App;
			sourceTree = "<group>";
		};
		604F964895256A45797E94C1 /* PrismAACWatch */ = {
			isa = PBXGroup;
			children = (
				7795A92B4E6D956D4CC34A5A /* Sources */,
				FFAA010000000000000000E1 /* Assets.xcassets */,
			);
			path = PrismAACWatch;
			sourceTree = "<group>";
		};
		6E46E9CBA279114527F4BEFD /* Engine */ = {
			isa = PBXGroup;
			children = (
				73CB5D18068E5D45A1B75DE8 /* AACPipeline.swift */,
				514A2FD3A0BC693D56606896 /* LLMEngine.swift */,
			);
			path = Engine;
			sourceTree = "<group>";
		};
		7795A92B4E6D956D4CC34A5A /* Sources */ = {
			isa = PBXGroup;
			children = (
				969C8F21D16D5D15A3EF068F /* AI */,
				59A0D9C574D82B5EA3441709 /* App */,
				98093A83AD7EC30FE022A107 /* Emergency */,
				FFAA010000000000000000C1 /* Shared */,
				51965D32F560CA8C415B64C0 /* Views */,
			);
			path = Sources;
			sourceTree = "<group>";
		};
		84AA94E42FB3A6830050C9EB /* AppIcon.appiconset */ = {
			isa = PBXGroup;
			children = (
				84AA94D52FB3A6830050C9EB /* Contents.json */,
				84AA94D62FB3A6830050C9EB /* icon-20.png */,
				84AA94D72FB3A6830050C9EB /* icon-29.png */,
				84AA94D82FB3A6830050C9EB /* icon-40.png */,
				84AA94D92FB3A6830050C9EB /* icon-58.png */,
				84AA94DA2FB3A6830050C9EB /* icon-60.png */,
				84AA94DB2FB3A6830050C9EB /* icon-76.png */,
				84AA94DC2FB3A6830050C9EB /* icon-80.png */,
				84AA94DD2FB3A6830050C9EB /* icon-87.png */,
				84AA94DE2FB3A6830050C9EB /* icon-120.png */,
				84AA94DF2FB3A6830050C9EB /* icon-152.png */,
				84AA94E02FB3A6830050C9EB /* icon-167.png */,
				84AA94E12FB3A6830050C9EB /* icon-180.png */,
				84AA94E22FB3A6830050C9EB /* icon-512.png */,
				84AA94E32FB3A6830050C9EB /* icon-1024.png */,
			);
			path = AppIcon.appiconset;
			sourceTree = "<group>";
		};
		9447AA50B808C2BC223505DD /* Views */ = {
			isa = PBXGroup;
			children = (
				336C616FA71B6C3F3227FC90 /* ContentView.swift */,
			);
			path = Views;
			sourceTree = "<group>";
		};
		969C8F21D16D5D15A3EF068F /* AI */ = {
			isa = PBXGroup;
			children = (
				1BAD607AA400B994C75354DD /* WatchAISession.swift */,
				DB1FF5018CD7D6ED0E48C17D /* WatchVocabSync.swift */,
				C4D8E30FA1B29F4700AA5678 /* WatchTranslation.swift */,
				E1A3C40B2D6F8E1200BB9876 /* WatchInbox.swift */,
			);
			path = AI;
			sourceTree = "<group>";
		};
		98093A83AD7EC30FE022A107 /* Emergency */ = {
			isa = PBXGroup;
			children = (
				1199B7CF2AC0B1D044269451 /* WatchEmergencyManager.swift */,
			);
			path = Emergency;
			sourceTree = "<group>";
		};
		A8933DF552D882DF9ED39435 /* Safety */ = {
			isa = PBXGroup;
			children = (
				824CFF80AABA2799959262E4 /* SafetyFilter.swift */,
			);
			path = Safety;
			sourceTree = "<group>";
		};
		BF84A2F43F9820AD6D6409EE /* Sources */ = {
			isa = PBXGroup;
			children = (
				27E260A2E20EED5FD7D47A08 /* App */,
				6E46E9CBA279114527F4BEFD /* Engine */,
				A8933DF552D882DF9ED39435 /* Safety */,
				9447AA50B808C2BC223505DD /* Views */,
			);
			path = Sources;
			sourceTree = "<group>";
		};
		F6F72D19BD7F549E86B62BEC = {
			isa = PBXGroup;
			children = (
				84AA94E42FB3A6830050C9EB /* AppIcon.appiconset */,
				50079412AC90BAE269F6364D /* PrismAAC */,
				25B2932001EBE7028330646D /* PrismAACUITests */,
				604F964895256A45797E94C1 /* PrismAACWatch */,
				3810A000D727421B7A8621B9 /* Products */,
			);
			sourceTree = "<group>";
		};
		FFAA010000000000000000C1 /* Shared */ = {
			isa = PBXGroup;
			children = (
				FFAA010000000000000000B1 /* KeychainHelper.swift */,
			);
			path = Shared;
			sourceTree = "<group>";
		};
/* End PBXGroup section */

/* Begin PBXNativeTarget section */
		081C499743C163B60754C060 /* PrismAACUITests */ = {
			isa = PBXNativeTarget;
			buildConfigurationList = B05521613D037545B0A56938 /* Build configuration list for PBXNativeTarget "PrismAACUITests" */;
			buildPhases = (
				100CF211900441E7098D2862 /* Sources */,
			);
			buildRules = (
			);
			dependencies = (
				7E765695EA85381AD75FE2AD /* PBXTargetDependency */,
			);
			name = PrismAACUITests;
			packageProductDependencies = (
			);
			productName = PrismAACUITests;
			productReference = 81D846C54EB27AB2E3FA633B /* PrismAACUITests.xctest */;
			productType = "com.apple.product-type.bundle.ui-testing";
		};
		37F3B4323FACF28FDB1C7BA2 /* PrismAAC */ = {
			isa = PBXNativeTarget;
			buildConfigurationList = 95E9AC5685F22E60AF26AD2C /* Build configuration list for PBXNativeTarget "PrismAAC" */;
			buildPhases = (
				A1B2C3D4E5F6A1B2C3D40003 /* Resources */,
				B370F9EA8C16398E6A8601CC /* Sources */,
				FFAA010000000000000000D4 /* Embed Watch Content */,
			);
			buildRules = (
			);
			dependencies = (
				FFAA010000000000000000D3 /* PBXTargetDependency */,
			);
			name = PrismAAC;
			packageProductDependencies = (
				FFAA01SPM000000000000001 /* llama */,
			);
			productName = PrismAAC;
			productReference = 3C1E662AEED98B7777920115 /* PrismAAC.app */;
			productType = "com.apple.product-type.application";
		};
		46A764FCF03891511096393D /* PrismAACTests */ = {
			isa = PBXNativeTarget;
			buildConfigurationList = 7819616DD5D32FAC90280FE4 /* Build configuration list for PBXNativeTarget "PrismAACTests" */;
			buildPhases = (
				F56CB298F95D448ECA73082C /* Sources */,
			);
			buildRules = (
			);
			dependencies = (
				B345DD75A65DE7B7EDD75EB4 /* PBXTargetDependency */,
			);
			name = PrismAACTests;
			packageProductDependencies = (
			);
			productName = PrismAACTests;
			productReference = 2F2BF66AD5CF855617DA7158 /* PrismAACTests.xctest */;
			productType = "com.apple.product-type.bundle.unit-test";
		};
		C059824D983FDADEE5E3C89D /* PrismAACWatch */ = {
			isa = PBXNativeTarget;
			buildConfigurationList = EB1CCDFE3CF7148A03C82215 /* Build configuration list for PBXNativeTarget "PrismAACWatch" */;
			buildPhases = (
				FFAA010000000000000000E3 /* Resources */,
				B349B71D3D5FD9432870AA63 /* Sources */,
			);
			buildRules = (
			);
			dependencies = (
			);
			name = PrismAACWatch;
			packageProductDependencies = (
			);
			productName = PrismAACWatch;
			productReference = 8AFCC84EE5CC6C37C440A667 /* PrismAACWatch.app */;
			productType = "com.apple.product-type.application";
		};
/* End PBXNativeTarget section */

/* Begin PBXProject section */
		94B38DF5C167816F45B98216 /* Project object */ = {
			isa = PBXProject;
			attributes = {
				BuildIndependentTargetsInParallel = YES;
				LastUpgradeCheck = 1600;
				TargetAttributes = {
					081C499743C163B60754C060 = {
						TestTargetID = 37F3B4323FACF28FDB1C7BA2;
					};
				};
			};
			buildConfigurationList = 287B58E9C7C10FCE9347EF19 /* Build configuration list for PBXProject "PrismAAC" */;
			developmentRegion = en;
			hasScannedForEncodings = 0;
			knownRegions = (
				Base,
				en,
			);
			mainGroup = F6F72D19BD7F549E86B62BEC;
			minimizedProjectReferenceProxies = 1;
			packageReferences = (
				FFAA01SPM000000000000002 /* XCLocalSwiftPackageReference "_llama_cpp_local" */,
				84AA94F62FB40A850050C9EB /* XCLocalSwiftPackageReference "../ios-native" */,
			);
			preferredProjectObjectVersion = 77;
			productRefGroup = 3810A000D727421B7A8621B9 /* Products */;
			projectDirPath = "";
			projectRoot = "";
			targets = (
				37F3B4323FACF28FDB1C7BA2 /* PrismAAC */,
				46A764FCF03891511096393D /* PrismAACTests */,
				081C499743C163B60754C060 /* PrismAACUITests */,
				C059824D983FDADEE5E3C89D /* PrismAACWatch */,
			);
		};
/* End PBXProject section */

/* Begin PBXResourcesBuildPhase section */
		A1B2C3D4E5F6A1B2C3D40003 /* Resources */ = {
			isa = PBXResourcesBuildPhase;
			buildActionMask = 2147483647;
			files = (
				A1B2C3D4E5F6A1B2C3D40002 /* Assets.xcassets in Resources */,
			);
			runOnlyForDeploymentPostprocessing = 0;
		};
		FFAA010000000000000000E3 /* Resources */ = {
			isa = PBXResourcesBuildPhase;
			buildActionMask = 2147483647;
			files = (
				FFAA010000000000000000E2 /* Assets.xcassets in Resources */,
			);
			runOnlyForDeploymentPostprocessing = 0;
		};
/* End PBXResourcesBuildPhase section */

/* Begin PBXSourcesBuildPhase section */
		100CF211900441E7098D2862 /* Sources */ = {
			isa = PBXSourcesBuildPhase;
			buildActionMask = 2147483647;
			files = (
				287EB175AC807A70ED2E2AB1 /* ButtonCoverageTests.swift in Sources */,
				4845E40319EC76BF7B3D85D9 /* PrismAACUITests.swift in Sources */,
			);
			runOnlyForDeploymentPostprocessing = 0;
		};
		B349B71D3D5FD9432870AA63 /* Sources */ = {
			isa = PBXSourcesBuildPhase;
			buildActionMask = 2147483647;
			files = (
				A5C28FF4113B9AFFB775B7E7 /* WatchAISession.swift in Sources */,
				B3A1F20C7D4E9F3200CC1234 /* WatchTranslation.swift in Sources */,
				D7E8F10A3B5C9D2100FF4321 /* WatchInbox.swift in Sources */,
				96494A55BCE4B701CC283F79 /* WatchApp.swift in Sources */,
				79A08C2E36B3B5E9C19C91EF /* WatchEmergencyManager.swift in Sources */,
				A9A7C3336D26BD9F125CFF29 /* WatchPictogramCards.swift in Sources */,
				0F41DF8A255CAB7496EEED20 /* WatchTTS.swift in Sources */,
				298E5CAC051C4E6C40B9309A /* WatchVocabSync.swift in Sources */,
				FFAA010000000000000000A2 /* WCSessionRouter.swift in Sources */,
				FFAA010000000000000000B2 /* KeychainHelper.swift in Sources */,
			);
			runOnlyForDeploymentPostprocessing = 0;
		};
		B370F9EA8C16398E6A8601CC /* Sources */ = {
			isa = PBXSourcesBuildPhase;
			buildActionMask = 2147483647;
			files = (
				A2378644AD87D49B61BC9290 /* AACPipeline.swift in Sources */,
				EF9EBF1590D95DA7BA2B75C2 /* AppState.swift in Sources */,
				A761744803E81B1102D1B58A /* ContentView.swift in Sources */,
				AFA1E81830CA008E80B17F8E /* LLMEngine.swift in Sources */,
				2CD68B3ABCB8C23FF1104EC7 /* PrismAACApp.swift in Sources */,
				8ACCA7F12A410E5951CB832F /* SafetyFilter.swift in Sources */,
			);
			runOnlyForDeploymentPostprocessing = 0;
		};
		F56CB298F95D448ECA73082C /* Sources */ = {
			isa = PBXSourcesBuildPhase;
			buildActionMask = 2147483647;
			files = (
			);
			runOnlyForDeploymentPostprocessing = 0;
		};
/* End PBXSourcesBuildPhase section */

/* Begin PBXTargetDependency section */
		7E765695EA85381AD75FE2AD /* PBXTargetDependency */ = {
			isa = PBXTargetDependency;
			target = 37F3B4323FACF28FDB1C7BA2 /* PrismAAC */;
			targetProxy = AF07E979DBF40B20A54E66B5 /* PBXContainerItemProxy */;
		};
		B345DD75A65DE7B7EDD75EB4 /* PBXTargetDependency */ = {
			isa = PBXTargetDependency;
			target = 37F3B4323FACF28FDB1C7BA2 /* PrismAAC */;
			targetProxy = 79F1897122443ED3CA3471A6 /* PBXContainerItemProxy */;
		};
		FFAA010000000000000000D3 /* PBXTargetDependency */ = {
			isa = PBXTargetDependency;
			target = C059824D983FDADEE5E3C89D /* PrismAACWatch */;
			targetProxy = FFAA010000000000000000D2 /* PBXContainerItemProxy */;
		};
/* End PBXTargetDependency section */

/* Begin XCBuildConfiguration section */
		0D2FB979974D64CDFF7A9B89 /* Release */ = {
			isa = XCBuildConfiguration;
			buildSettings = {
				BUNDLE_LOADER = "$(TEST_HOST)";
				DEVELOPMENT_TEAM = Z4UYN9388M;
				IPHONEOS_DEPLOYMENT_TARGET = 16.0;
				LD_RUNPATH_SEARCH_PATHS = (
					"$(inherited)",
					"@executable_path/Frameworks",
					"@loader_path/Frameworks",
				);
				PRODUCT_BUNDLE_IDENTIFIER = ai.synalux.PrismAACTests;
				SDKROOT = iphoneos;
				TARGETED_DEVICE_FAMILY = "1,2";
				TEST_HOST = "$(BUILT_PRODUCTS_DIR)/PrismAAC.app/PrismAAC";
			};
			name = Release;
		};
		360CF1468895472D6B4F4F86 /* Release */ = {
			isa = XCBuildConfiguration;
			buildSettings = {
				BUNDLE_LOADER = "$(TEST_HOST)";
				DEVELOPMENT_TEAM = Z4UYN9388M;
				IPHONEOS_DEPLOYMENT_TARGET = 16.0;
				LD_RUNPATH_SEARCH_PATHS = (
					"$(inherited)",
					"@executable_path/Frameworks",
					"@loader_path/Frameworks",
				);
				PRODUCT_BUNDLE_IDENTIFIER = "ai.synalux.prism-aac.uitests";
				SDKROOT = iphoneos;
				TARGETED_DEVICE_FAMILY = "1,2";
				TEST_TARGET_NAME = PrismAAC;
			};
			name = Release;
		};
		5A494470A9CF40DCBB73ED59 /* Release */ = {
			isa = XCBuildConfiguration;
			buildSettings = {
				ALWAYS_SEARCH_USER_PATHS = NO;
				CLANG_ANALYZER_NONNULL = YES;
				CLANG_ANALYZER_NUMBER_OBJECT_CONVERSION = YES_AGGRESSIVE;
				CLANG_CXX_LANGUAGE_STANDARD = "gnu++14";
				CLANG_CXX_LIBRARY = "libc++";
				CLANG_ENABLE_MODULES = YES;
				CLANG_ENABLE_OBJC_ARC = YES;
				CLANG_ENABLE_OBJC_WEAK = YES;
				CLANG_WARN_BLOCK_CAPTURE_AUTORELEASING = YES;
				CLANG_WARN_BOOL_CONVERSION = YES;
				CLANG_WARN_COMMA = YES;
				CLANG_WARN_CONSTANT_CONVERSION = YES;
				CLANG_WARN_DEPRECATED_OBJC_IMPLEMENTATIONS = YES;
				CLANG_WARN_DIRECT_OBJC_ISA_USAGE = YES_ERROR;
				CLANG_WARN_DOCUMENTATION_COMMENTS = YES;
				CLANG_WARN_EMPTY_BODY = YES;
				CLANG_WARN_ENUM_CONVERSION = YES;
				CLANG_WARN_INFINITE_RECURSION = YES;
				CLANG_WARN_INT_CONVERSION = YES;
				CLANG_WARN_NON_LITERAL_NULL_CONVERSION = YES;
				CLANG_WARN_OBJC_IMPLICIT_RETAIN_SELF = YES;
				CLANG_WARN_OBJC_LITERAL_CONVERSION = YES;
				CLANG_WARN_OBJC_ROOT_CLASS = YES_ERROR;
				CLANG_WARN_QUOTED_INCLUDE_IN_FRAMEWORK_HEADER = YES;
				CLANG_WARN_RANGE_LOOP_ANALYSIS = YES;
				CLANG_WARN_STRICT_PROTOTYPES = YES;
				CLANG_WARN_SUSPICIOUS_MOVE = YES;
				CLANG_WARN_UNGUARDED_AVAILABILITY = YES_AGGRESSIVE;
				CLANG_WARN_UNREACHABLE_CODE = YES;
				CLANG_WARN__DUPLICATE_METHOD_MATCH = YES;
				COPY_PHASE_STRIP = NO;
				DEBUG_INFORMATION_FORMAT = "dwarf-with-dsym";
				ENABLE_BITCODE = NO;
				ENABLE_NS_ASSERTIONS = NO;
				ENABLE_STRICT_OBJC_MSGSEND = YES;
				GCC_C_LANGUAGE_STANDARD = gnu11;
				GCC_NO_COMMON_BLOCKS = YES;
				GCC_WARN_64_TO_32_BIT_CONVERSION = YES;
				GCC_WARN_ABOUT_RETURN_TYPE = YES_ERROR;
				GCC_WARN_UNDECLARED_SELECTOR = YES;
				GCC_WARN_UNINITIALIZED_AUTOS = YES_AGGRESSIVE;
				GCC_WARN_UNUSED_FUNCTION = YES;
				GCC_WARN_UNUSED_VARIABLE = YES;
				IPHONEOS_DEPLOYMENT_TARGET = 16.0;
				MTL_ENABLE_DEBUG_INFO = NO;
				MTL_FAST_MATH = YES;
				PRODUCT_NAME = "$(TARGET_NAME)";
				SUPPORTED_PLATFORMS = "iphoneos iphonesimulator";
				SWIFT_COMPILATION_MODE = wholemodule;
				SWIFT_OPTIMIZATION_LEVEL = "-O";
				SWIFT_VERSION = 5.10;
				WATCHOS_DEPLOYMENT_TARGET = 9.0;
			};
			name = Release;
		};
		77A31AD5DC29F7325CD80873 /* Debug */ = {
			isa = XCBuildConfiguration;
			buildSettings = {
				BUNDLE_LOADER = "$(TEST_HOST)";
				DEVELOPMENT_TEAM = Z4UYN9388M;
				IPHONEOS_DEPLOYMENT_TARGET = 16.0;
				LD_RUNPATH_SEARCH_PATHS = (
					"$(inherited)",
					"@executable_path/Frameworks",
					"@loader_path/Frameworks",
				);
				PRODUCT_BUNDLE_IDENTIFIER = ai.synalux.PrismAACTests;
				SDKROOT = iphoneos;
				TARGETED_DEVICE_FAMILY = "1,2";
				TEST_HOST = "$(BUILT_PRODUCTS_DIR)/PrismAAC.app/PrismAAC";
			};
			name = Debug;
		};
		82A7F94C1CA7F769ACD79F43 /* Release */ = {
			isa = XCBuildConfiguration;
			buildSettings = {
				ASSETCATALOG_COMPILER_APPICON_NAME = AppIcon;
				CURRENT_PROJECT_VERSION = 8;
				DEVELOPMENT_TEAM = Z4UYN9388M;
				GENERATE_INFOPLIST_FILE = YES;
				INFOPLIST_FILE = PrismAACWatch/Info.plist;
				MARKETING_VERSION = 1.1.0;
				PRODUCT_BUNDLE_IDENTIFIER = "ai.synalux.prism-aac.watchkitapp";
				SDKROOT = watchos;
				SKIP_INSTALL = YES;
				SUPPORTED_PLATFORMS = "watchos watchsimulator";
				TARGETED_DEVICE_FAMILY = 4;
				WATCHOS_DEPLOYMENT_TARGET = 9.0;
			};
			name = Release;
		};
		890A9F6DD7A61A07007D4CCE /* Debug */ = {
			isa = XCBuildConfiguration;
			buildSettings = {
				ALWAYS_SEARCH_USER_PATHS = NO;
				CLANG_ANALYZER_NONNULL = YES;
				CLANG_ANALYZER_NUMBER_OBJECT_CONVERSION = YES_AGGRESSIVE;
				CLANG_CXX_LANGUAGE_STANDARD = "gnu++14";
				CLANG_CXX_LIBRARY = "libc++";
				CLANG_ENABLE_MODULES = YES;
				CLANG_ENABLE_OBJC_ARC = YES;
				CLANG_ENABLE_OBJC_WEAK = YES;
				CLANG_WARN_BLOCK_CAPTURE_AUTORELEASING = YES;
				CLANG_WARN_BOOL_CONVERSION = YES;
				CLANG_WARN_COMMA = YES;
				CLANG_WARN_CONSTANT_CONVERSION = YES;
				CLANG_WARN_DEPRECATED_OBJC_IMPLEMENTATIONS = YES;
				CLANG_WARN_DIRECT_OBJC_ISA_USAGE = YES_ERROR;
				CLANG_WARN_DOCUMENTATION_COMMENTS = YES;
				CLANG_WARN_EMPTY_BODY = YES;
				CLANG_WARN_ENUM_CONVERSION = YES;
				CLANG_WARN_INFINITE_RECURSION = YES;
				CLANG_WARN_INT_CONVERSION = YES;
				CLANG_WARN_NON_LITERAL_NULL_CONVERSION = YES;
				CLANG_WARN_OBJC_IMPLICIT_RETAIN_SELF = YES;
				CLANG_WARN_OBJC_LITERAL_CONVERSION = YES;
				CLANG_WARN_OBJC_ROOT_CLASS = YES_ERROR;
				CLANG_WARN_QUOTED_INCLUDE_IN_FRAMEWORK_HEADER = YES;
				CLANG_WARN_RANGE_LOOP_ANALYSIS = YES;
				CLANG_WARN_STRICT_PROTOTYPES = YES;
				CLANG_WARN_SUSPICIOUS_MOVE = YES;
				CLANG_WARN_UNGUARDED_AVAILABILITY = YES_AGGRESSIVE;
				CLANG_WARN_UNREACHABLE_CODE = YES;
				CLANG_WARN__DUPLICATE_METHOD_MATCH = YES;
				COPY_PHASE_STRIP = NO;
				DEBUG_INFORMATION_FORMAT = dwarf;
				ENABLE_BITCODE = NO;
				ENABLE_STRICT_OBJC_MSGSEND = YES;
				ENABLE_TESTABILITY = YES;
				GCC_C_LANGUAGE_STANDARD = gnu11;
				GCC_DYNAMIC_NO_PIC = NO;
				GCC_NO_COMMON_BLOCKS = YES;
				GCC_OPTIMIZATION_LEVEL = 0;
				GCC_PREPROCESSOR_DEFINITIONS = (
					"$(inherited)",
					"DEBUG=1",
				);
				GCC_WARN_64_TO_32_BIT_CONVERSION = YES;
				GCC_WARN_ABOUT_RETURN_TYPE = YES_ERROR;
				GCC_WARN_UNDECLARED_SELECTOR = YES;
				GCC_WARN_UNINITIALIZED_AUTOS = YES_AGGRESSIVE;
				GCC_WARN_UNUSED_FUNCTION = YES;
				GCC_WARN_UNUSED_VARIABLE = YES;
				IPHONEOS_DEPLOYMENT_TARGET = 16.0;
				MTL_ENABLE_DEBUG_INFO = INCLUDE_SOURCE;
				MTL_FAST_MATH = YES;
				ONLY_ACTIVE_ARCH = YES;
				PRODUCT_NAME = "$(TARGET_NAME)";
				SUPPORTED_PLATFORMS = "iphoneos iphonesimulator";
				SWIFT_ACTIVE_COMPILATION_CONDITIONS = DEBUG;
				SWIFT_OPTIMIZATION_LEVEL = "-Onone";
				SWIFT_VERSION = 5.10;
				WATCHOS_DEPLOYMENT_TARGET = 9.0;
			};
			name = Debug;
		};
		ACCA8FB65EBB98661B0050B0 /* Debug */ = {
			isa = XCBuildConfiguration;
			buildSettings = {
				ASSETCATALOG_COMPILER_APPICON_NAME = AppIcon;
				CODE_SIGN_ENTITLEMENTS = PrismAAC/PrismAAC.entitlements;
				CODE_SIGN_IDENTITY = "iPhone Developer";
				CURRENT_PROJECT_VERSION = 8;
				DEVELOPMENT_TEAM = Z4UYN9388M;
				GENERATE_INFOPLIST_FILE = YES;
				INFOPLIST_FILE = PrismAAC/Info.plist;
				IPHONEOS_DEPLOYMENT_TARGET = 16.0;
				LD_RUNPATH_SEARCH_PATHS = (
					"$(inherited)",
					"@executable_path/Frameworks",
				);
				MARKETING_VERSION = 1.1.0;
				PRIVACY_INFO_XCPRIVACY_FILE = PrismAAC/PrivacyInfo.xcprivacy;
				PRODUCT_BUNDLE_IDENTIFIER = "ai.synalux.prism-aac";
				SDKROOT = iphoneos;
				TARGETED_DEVICE_FAMILY = "1,2";
			};
			name = Debug;
		};
		B3E64B276666250193F9E829 /* Release */ = {
			isa = XCBuildConfiguration;
			buildSettings = {
				ASSETCATALOG_COMPILER_APPICON_NAME = AppIcon;
				CODE_SIGN_ENTITLEMENTS = PrismAAC/PrismAAC.entitlements;
				CODE_SIGN_IDENTITY = "iPhone Developer";
				CURRENT_PROJECT_VERSION = 8;
				DEVELOPMENT_TEAM = Z4UYN9388M;
				GENERATE_INFOPLIST_FILE = YES;
				INFOPLIST_FILE = PrismAAC/Info.plist;
				IPHONEOS_DEPLOYMENT_TARGET = 16.0;
				LD_RUNPATH_SEARCH_PATHS = (
					"$(inherited)",
					"@executable_path/Frameworks",
				);
				MARKETING_VERSION = 1.1.0;
				PRIVACY_INFO_XCPRIVACY_FILE = PrismAAC/PrivacyInfo.xcprivacy;
				PRODUCT_BUNDLE_IDENTIFIER = "ai.synalux.prism-aac";
				SDKROOT = iphoneos;
				TARGETED_DEVICE_FAMILY = "1,2";
			};
			name = Release;
		};
		BC2EDADD9197ADEFDAABE3D8 /* Debug */ = {
			isa = XCBuildConfiguration;
			buildSettings = {
				ASSETCATALOG_COMPILER_APPICON_NAME = AppIcon;
				CURRENT_PROJECT_VERSION = 8;
				DEVELOPMENT_TEAM = Z4UYN9388M;
				GENERATE_INFOPLIST_FILE = YES;
				INFOPLIST_FILE = PrismAACWatch/Info.plist;
				MARKETING_VERSION = 1.1.0;
				PRODUCT_BUNDLE_IDENTIFIER = "ai.synalux.prism-aac.watchkitapp";
				SDKROOT = watchos;
				SKIP_INSTALL = YES;
				SUPPORTED_PLATFORMS = "watchos watchsimulator";
				TARGETED_DEVICE_FAMILY = 4;
				WATCHOS_DEPLOYMENT_TARGET = 9.0;
			};
			name = Debug;
		};
		D4A1CC761DFBDBA74DA4C228 /* Debug */ = {
			isa = XCBuildConfiguration;
			buildSettings = {
				BUNDLE_LOADER = "$(TEST_HOST)";
				DEVELOPMENT_TEAM = Z4UYN9388M;
				IPHONEOS_DEPLOYMENT_TARGET = 16.0;
				LD_RUNPATH_SEARCH_PATHS = (
					"$(inherited)",
					"@executable_path/Frameworks",
					"@loader_path/Frameworks",
				);
				PRODUCT_BUNDLE_IDENTIFIER = "ai.synalux.prism-aac.uitests";
				SDKROOT = iphoneos;
				TARGETED_DEVICE_FAMILY = "1,2";
				TEST_TARGET_NAME = PrismAAC;
			};
			name = Debug;
		};
/* End XCBuildConfiguration section */

/* Begin XCConfigurationList section */
		287B58E9C7C10FCE9347EF19 /* Build configuration list for PBXProject "PrismAAC" */ = {
			isa = XCConfigurationList;
			buildConfigurations = (
				890A9F6DD7A61A07007D4CCE /* Debug */,
				5A494470A9CF40DCBB73ED59 /* Release */,
			);
			defaultConfigurationIsVisible = 0;
			defaultConfigurationName = Debug;
		};
		7819616DD5D32FAC90280FE4 /* Build configuration list for PBXNativeTarget "PrismAACTests" */ = {
			isa = XCConfigurationList;
			buildConfigurations = (
				77A31AD5DC29F7325CD80873 /* Debug */,
				0D2FB979974D64CDFF7A9B89 /* Release */,
			);
			defaultConfigurationIsVisible = 0;
			defaultConfigurationName = Debug;
		};
		95E9AC5685F22E60AF26AD2C /* Build configuration list for PBXNativeTarget "PrismAAC" */ = {
			isa = XCConfigurationList;
			buildConfigurations = (
				ACCA8FB65EBB98661B0050B0 /* Debug */,
				B3E64B276666250193F9E829 /* Release */,
			);
			defaultConfigurationIsVisible = 0;
			defaultConfigurationName = Debug;
		};
		B05521613D037545B0A56938 /* Build configuration list for PBXNativeTarget "PrismAACUITests" */ = {
			isa = XCConfigurationList;
			buildConfigurations = (
				D4A1CC761DFBDBA74DA4C228 /* Debug */,
				360CF1468895472D6B4F4F86 /* Release */,
			);
			defaultConfigurationIsVisible = 0;
			defaultConfigurationName = Debug;
		};
		EB1CCDFE3CF7148A03C82215 /* Build configuration list for PBXNativeTarget "PrismAACWatch" */ = {
			isa = XCConfigurationList;
			buildConfigurations = (
				BC2EDADD9197ADEFDAABE3D8 /* Debug */,
				82A7F94C1CA7F769ACD79F43 /* Release */,
			);
			defaultConfigurationIsVisible = 0;
			defaultConfigurationName = Debug;
		};
/* End XCConfigurationList section */

/* Begin XCLocalSwiftPackageReference section */
		84AA94F62FB40A850050C9EB /* XCLocalSwiftPackageReference "../ios-native" */ = {
			isa = XCLocalSwiftPackageReference;
			relativePath = "../ios-native";
		};
		FFAA01SPM000000000000002 /* XCLocalSwiftPackageReference "_llama_cpp_local" */ = {
			isa = XCLocalSwiftPackageReference;
			relativePath = _llama_cpp_local;
		};
/* End XCLocalSwiftPackageReference section */

/* Begin XCSwiftPackageProductDependency section */
		FFAA01SPM000000000000001 /* llama */ = {
			isa = XCSwiftPackageProductDependency;
			productName = llama;
		};
/* End XCSwiftPackageProductDependency section */
	};
	rootObject = 94B38DF5C167816F45B98216 /* Project object */;
}
